{
  "lockfile_version": "1",
  "packages": {
    "eslint": {
      "resolved": "github:NixOS/nixpkgs/6dedf69f94d03cbe7bdde106f2d4c23ae2a853bf#eslint",
      "source": "nixpkg"
    },
    "github:NixOS/nixpkgs/nixpkgs-unstable": {
      "last_modified": "2026-05-22T01:51:30Z",
      "resolved": "github:NixOS/nixpkgs/6dedf69f94d03cbe7bdde106f2d4c23ae2a853bf?lastModified=1779414690"
    },
    "nodejs_22": {
      "plugin_version": "0.0.2",
      "resolved": "github:NixOS/nixpkgs/6dedf69f94d03cbe7bdde106f2d4c23ae2a853bf#nodejs_22",
      "source": "nixpkg"
    },
    "pnpm": {
      "resolved": "github:NixOS/nixpkgs/6dedf69f94d03cbe7bdde106f2d4c23ae2a853bf#pnpm",
      "source": "nixpkg"
    },
    "typescript": {
      "resolved": "github:NixOS/nixpkgs/6dedf69f94d03cbe7bdde106f2d4c23ae2a853bf#typescript",
      "source": "nixpkg"
    }
  }
}
